
Microsoft Visual Studio Solution File, Format Version 12.00
# Visual Studio Version 16
VisualStudioVersion = 16.0.33027.164
MinimumVisualStudioVersion = 10.0.40219.1
Project("{FAE04EC0-301F-11D3-BF4B-00C04F79EFBC}") = "fusion_vegeta", "fusion_vegeta\fusion_vegeta.csproj", "{EF2C930B-6046-483A-8425-5EAA87480309}"
EndProject
Global
	GlobalSection(SolutionConfigurationPlatforms) = preSolution
		Debug|Any CPU = Debug|Any CPU
		Release|Any CPU = Release|Any CPU
	EndGlobalSection
	GlobalSection(ProjectConfigurationPlatforms) = postSolution
		{EF2C930B-6046-483A-8425-5EAA87480309}.Debug|Any CPU.ActiveCfg = Debug|Any CPU
		{EF2C930B-6046-483A-8425-5EAA87480309}.Debug|Any CPU.Build.0 = Debug|Any CPU
		{EF2C930B-6046-483A-8425-5EAA87480309}.Release|Any CPU.ActiveCfg = Release|Any CPU
		{EF2C930B-6046-483A-8425-5EAA87480309}.Release|Any CPU.Build.0 = Release|Any CPU
	EndGlobalSection
	GlobalSection(SolutionProperties) = preSolution
		HideSolutionNode = FALSE
	EndGlobalSection
	GlobalSection(ExtensibilityGlobals) = postSolution
		SolutionGuid = {3FA282E8-05B8-423B-B851-58E46D819F38}
	EndGlobalSection
EndGlobal
